
Microsoft Visual Studio Solution File, Format Version 12.00
# Visual Studio Version 17
VisualStudioVersion = 17.14.36705.20
MinimumVisualStudioVersion = 10.0.40219.1
Project("{FAE04EC0-301F-11D3-BF4B-00C04F79EFBC}") = "dotnetInternTasks", "dotnetInternTasks\dotnetInternTasks.csproj", "{8388D36C-2949-4DB6-AD2A-CAE973F6F1FA}"
EndProject
Project("{FAE04EC0-301F-11D3-BF4B-00C04F79EFBC}") = "Task01TemperatureConverter", "Task01TemperatureConverter\Task01TemperatureConverter.csproj", "{64DA8536-3EA4-411C-B9FE-E7B8BC500C2C}"
EndProject
Project("{FAE04EC0-301F-11D3-BF4B-00C04F79EFBC}") = "Task02AgeCheck", "Task02AgeCheck\Task02AgeCheck.csproj", "{5A7E9A5D-ADEC-438D-8F98-A3F00BF09B21}"
EndProject
Project("{FAE04EC0-301F-11D3-BF4B-00C04F79EFBC}") = "Task03MultiplicationTable", "Task03MultiplicationTable\Task03MultiplicationTable.csproj", "{E05A5EDB-EF43-4964-89B9-A5FE75FD7506}"
EndProject
Project("{FAE04EC0-301F-11D3-BF4B-00C04F79EFBC}") = "Task04SumOfNumbersInRange", "Task04SumOfNumbersInRange\Task04SumOfNumbersInRange.csproj", "{9C10E9DC-481F-4BE7-827E-6ED88FB954C8}"
EndProject
Project("{FAE04EC0-301F-11D3-BF4B-00C04F79EFBC}") = "Task05ShowInfoUsingClassBook", "Task05ShowInfoUsingClassBook\Task05ShowInfoUsingClassBook.csproj", "{9B9708A4-094B-D81D-1720-A79A66B88750}"
EndProject
Global
	GlobalSection(SolutionConfigurationPlatforms) = preSolution
		Debug|Any CPU = Debug|Any CPU
		Release|Any CPU = Release|Any CPU
	EndGlobalSection
	GlobalSection(ProjectConfigurationPlatforms) = postSolution
		{8388D36C-2949-4DB6-AD2A-CAE973F6F1FA}.Debug|Any CPU.ActiveCfg = Debug|Any CPU
		{8388D36C-2949-4DB6-AD2A-CAE973F6F1FA}.Debug|Any CPU.Build.0 = Debug|Any CPU
		{8388D36C-2949-4DB6-AD2A-CAE973F6F1FA}.Release|Any CPU.ActiveCfg = Release|Any CPU
		{8388D36C-2949-4DB6-AD2A-CAE973F6F1FA}.Release|Any CPU.Build.0 = Release|Any CPU
		{64DA8536-3EA4-411C-B9FE-E7B8BC500C2C}.Debug|Any CPU.ActiveCfg = Debug|Any CPU
		{64DA8536-3EA4-411C-B9FE-E7B8BC500C2C}.Debug|Any CPU.Build.0 = Debug|Any CPU
		{64DA8536-3EA4-411C-B9FE-E7B8BC500C2C}.Release|Any CPU.ActiveCfg = Release|Any CPU
		{64DA8536-3EA4-411C-B9FE-E7B8BC500C2C}.Release|Any CPU.Build.0 = Release|Any CPU
		{5A7E9A5D-ADEC-438D-8F98-A3F00BF09B21}.Debug|Any CPU.ActiveCfg = Debug|Any CPU
		{5A7E9A5D-ADEC-438D-8F98-A3F00BF09B21}.Debug|Any CPU.Build.0 = Debug|Any CPU
		{5A7E9A5D-ADEC-438D-8F98-A3F00BF09B21}.Release|Any CPU.ActiveCfg = Release|Any CPU
		{5A7E9A5D-ADEC-438D-8F98-A3F00BF09B21}.Release|Any CPU.Build.0 = Release|Any CPU
		{E05A5EDB-EF43-4964-89B9-A5FE75FD7506}.Debug|Any CPU.ActiveCfg = Debug|Any CPU
		{E05A5EDB-EF43-4964-89B9-A5FE75FD7506}.Debug|Any CPU.Build.0 = Debug|Any CPU
		{E05A5EDB-EF43-4964-89B9-A5FE75FD7506}.Release|Any CPU.ActiveCfg = Release|Any CPU
		{E05A5EDB-EF43-4964-89B9-A5FE75FD7506}.Release|Any CPU.Build.0 = Release|Any CPU
		{9C10E9DC-481F-4BE7-827E-6ED88FB954C8}.Debug|Any CPU.ActiveCfg = Debug|Any CPU
		{9C10E9DC-481F-4BE7-827E-6ED88FB954C8}.Debug|Any CPU.Build.0 = Debug|Any CPU
		{9C10E9DC-481F-4BE7-827E-6ED88FB954C8}.Release|Any CPU.ActiveCfg = Release|Any CPU
		{9C10E9DC-481F-4BE7-827E-6ED88FB954C8}.Release|Any CPU.Build.0 = Release|Any CPU
		{9B9708A4-094B-D81D-1720-A79A66B88750}.Debug|Any CPU.ActiveCfg = Debug|Any CPU
		{9B9708A4-094B-D81D-1720-A79A66B88750}.Debug|Any CPU.Build.0 = Debug|Any CPU
		{9B9708A4-094B-D81D-1720-A79A66B88750}.Release|Any CPU.ActiveCfg = Release|Any CPU
		{9B9708A4-094B-D81D-1720-A79A66B88750}.Release|Any CPU.Build.0 = Release|Any CPU
	EndGlobalSection
	GlobalSection(SolutionProperties) = preSolution
		HideSolutionNode = FALSE
	EndGlobalSection
	GlobalSection(ExtensibilityGlobals) = postSolution
		SolutionGuid = {AB95DBEE-33ED-4C85-ABB4-44C232B76F7C}
	EndGlobalSection
EndGlobal
